version = 1
requires-python = ">=3.10"

[[package]]
name = "beautifulsoup4"
version = "4.11.1"
source = { registry = "https://pypi.org/simple" }
dependencies = [
    { name = "soupsieve" },
]
sdist = { url = "https://files.pythonhosted.org/packages/e8/b0/cd2b968000577ec5ce6c741a54d846dfa402372369b8b6861720aa9ecea7/beautifulsoup4-4.11.1.tar.gz", hash = "sha256:ad9aa55b65ef2808eb405f46cf74df7fcb7044d5cbc26487f96eb2ef2e436693", size = 517113 }
wheels = [
    { url = "https://files.pythonhosted.org/packages/9c/d8/909c4089dbe4ade9f9705f143c9f13f065049a9d5e7d34c828aefdd0a97c/beautifulsoup4-4.11.1-py3-none-any.whl", hash = "sha256:58d5c3d29f5a36ffeb94f02f0d786cd53014cf9b3b3951d42e0080d8a9498d30", size = 128156 },
]

[[package]]
name = "certifi"
version = "2022.12.7"
source = { registry = "https://pypi.org/simple" }
sdist = { url = "https://files.pythonhosted.org/packages/37/f7/2b1b0ec44fdc30a3d31dfebe52226be9ddc40cd6c0f34ffc8923ba423b69/certifi-2022.12.7.tar.gz", hash = "sha256:35824b4c3a97115964b408844d64aa14db1cc518f6562e8d7261699d1350a9e3", size = 156897 }
wheels = [
    { url = "https://files.pythonhosted.org/packages/71/4c/3db2b8021bd6f2f0ceb0e088d6b2d49147671f25832fb17970e9b583d742/certifi-2022.12.7-py3-none-any.whl", hash = "sha256:4ad3232f5e926d6718ec31cfc1fcadfde020920e278684144551c91769c7bc18", size = 155255 },
]

[[package]]
name = "charset-normalizer"
version = "2.1.1"
source = { registry = "https://pypi.org/simple" }
sdist = { url = "https://files.pythonhosted.org/packages/a1/34/44964211e5410b051e4b8d2869c470ae8a68ae274953b1c7de6d98bbcf94/charset-normalizer-2.1.1.tar.gz", hash = "sha256:5a3d016c7c547f69d6f81fb0db9449ce888b418b5b9952cc5e6e66843e9dd845", size = 82360 }
wheels = [
    { url = "https://files.pythonhosted.org/packages/db/51/a507c856293ab05cdc1db77ff4bc1268ddd39f29e7dc4919aa497f0adbec/charset_normalizer-2.1.1-py3-none-any.whl", hash = "sha256:83e9a75d1911279afd89352c68b45348559d1fc0506b054b346651b5e7fee29f", size = 39748 },
]

[[package]]
name = "gunicorn"
version = "20.1.0"
source = { git = "https://github.com/TomiBelan/gunicorn#8dd9814d2fb87cb67ab64b902ae791a16b0eafd3" }
dependencies = [
    { name = "setuptools" },
]

[package.optional-dependencies]
setproctitle = [
    { name = "setproctitle" },
]

[[package]]
name = "idna"
version = "3.4"
source = { registry = "https://pypi.org/simple" }
sdist = { url = "https://files.pythonhosted.org/packages/8b/e1/43beb3d38dba6cb420cefa297822eac205a277ab43e5ba5d5c46faf96438/idna-3.4.tar.gz", hash = "sha256:814f528e8dead7d329833b91c5faa87d60bf71824cd12a7530b5526063d02cb4", size = 183077 }
wheels = [
    { url = "https://files.pythonhosted.org/packages/fc/34/3030de6f1370931b9dbb4dad48f6ab1015ab1d32447850b9fc94e60097be/idna-3.4-py3-none-any.whl", hash = "sha256:90b77e79eaa3eba6de819a0c442c0b4ceefc341a7a2ab77d7562bf49f425c5c2", size = 61538 },
]

[[package]]
name = "lxml"
version = "4.9.2"
source = { registry = "https://pypi.org/simple" }
sdist = { url = "https://files.pythonhosted.org/packages/06/5a/e11cad7b79f2cf3dd2ff8f81fa8ca667e7591d3d8451768589996b65dec1/lxml-4.9.2.tar.gz", hash = "sha256:2455cfaeb7ac70338b3257f41e21f0724f4b5b0c0e7702da67ee6c3640835b67", size = 3682202 }
wheels = [
    { url = "https://files.pythonhosted.org/packages/98/9c/fbbbcafca14a8711c8a036375389cb8c5b1d40185357ae6fbb62d9658d41/lxml-4.9.2-cp310-cp310-macosx_10_15_x86_64.whl", hash = "sha256:a08cff61517ee26cb56f1e949cca38caabe9ea9fbb4b1e10a805dc39844b7d5c", size = 4739264 },
    { url = "https://files.pythonhosted.org/packages/3f/6c/d120c9de2f0079300c9cf86f3bb0e527b6f7a57f0bdc3fce37d67d840212/lxml-4.9.2-cp310-cp310-manylinux_2_12_i686.manylinux2010_i686.manylinux_2_24_i686.whl", hash = "sha256:85cabf64adec449132e55616e7ca3e1000ab449d1d0f9d7f83146ed5bdcb6d8a", size = 7175550 },
    { url = "https://files.pythonhosted.org/packages/46/f5/3f61ae971a41c993ce3365e92354090ebf661426cb96fdc826108a9c31a2/lxml-4.9.2-cp310-cp310-manylinux_2_17_aarch64.manylinux2014_aarch64.manylinux_2_24_aarch64.whl", hash = "sha256:8340225bd5e7a701c0fa98284c849c9b9fc9238abf53a0ebd90900f25d39a4e4", size = 6757964 },
    { url = "https://files.pythonhosted.org/packages/89/9c/be3ebeb6053c6625c0497f282e0d8acc36c309212d47201e9cb1198ffb54/lxml-4.9.2-cp310-cp310-manylinux_2_17_x86_64.manylinux2014_x86_64.manylinux_2_24_x86_64.whl", hash = "sha256:1ab8f1f932e8f82355e75dda5413a57612c6ea448069d4fb2e217e9a4bed13d4", size = 7098294 },
    { url = "https://files.pythonhosted.org/packages/3b/a0/4977685b1e1414933765e404d9f3f4cf57ccbc4000af44dbdb951c165ea7/lxml-4.9.2-cp310-cp310-musllinux_1_1_aarch64.whl", hash = "sha256:699a9af7dffaf67deeae27b2112aa06b41c370d5e7633e0ee0aea2e0b6c211f7", size = 7562138 },
    { url = "https://files.pythonhosted.org/packages/23/9e/d7dc52daaf44818c7cd0f4caea5eaa73ec2d23b3395987762dec9c736695/lxml-4.9.2-cp310-cp310-musllinux_1_1_x86_64.whl", hash = "sha256:b9cc34af337a97d470040f99ba4282f6e6bac88407d021688a5d585e44a23184", size = 7763874 },
    { url = "https://files.pythonhosted.org/packages/ff/d9/e821232295ec540a9c62bbfd6121c2e2969996ee8bc3b0c5325cc88272d0/lxml-4.9.2-cp310-cp310-win32.whl", hash = "sha256:d02a5399126a53492415d4906ab0ad0375a5456cc05c3fc0fc4ca11771745cda", size = 3454840 },
    { url = "https://files.pythonhosted.org/packages/3e/ab/dbab52317bd9f9a6aba4c4dbedf2ca8e81f0b79da62fde7cb1ebf11ed846/lxml-4.9.2-cp310-cp310-win_amd64.whl", hash = "sha256:a38486985ca49cfa574a507e7a2215c0c780fd1778bb6290c21193b7211702ab", size = 3773425 },
    { url = "https://files.pythonhosted.org/packages/be/42/57fa86961a28a58a207577e6ab91bac2cd6aa04f17494d1b9f54bb394369/lxml-4.9.2-cp311-cp311-manylinux_2_12_i686.manylinux2010_i686.manylinux_2_24_i686.whl", hash = "sha256:c83203addf554215463b59f6399835201999b5e48019dc17f182ed5ad87205c9", size = 7228014 },
    { url = "https://files.pythonhosted.org/packages/aa/05/217be981db0455d1c23e190683a6ab52c797f84f69501c930fee3b1109b5/lxml-4.9.2-cp311-cp311-manylinux_2_17_aarch64.manylinux2014_aarch64.manylinux_2_24_aarch64.whl", hash = "sha256:2a87fa548561d2f4643c99cd13131acb607ddabb70682dcf1dff5f71f781a4bf", size = 6820805 },
    { url = "https://files.pythonhosted.org/packages/38/3c/0fdab49d310d931a8b81e2795037fbd5789d1bce12a1795b9cbc87bc1ceb/lxml-4.9.2-cp311-cp311-manylinux_2_17_x86_64.manylinux2014_x86_64.manylinux_2_24_x86_64.whl", hash = "sha256:d6b430a9938a5a5d85fc107d852262ddcd48602c120e3dbb02137c83d212b380", size = 7154138 },
    { url = "https://files.pythonhosted.org/packages/e3/74/2e60c896fc763ee8e4d790968764a792138d53fa9a85bf2af69fd4093c80/lxml-4.9.2-cp311-cp311-musllinux_1_1_aarch64.whl", hash = "sha256:3efea981d956a6f7173b4659849f55081867cf897e719f57383698af6f618a92", size = 7568757 },
    { url = "https://files.pythonhosted.org/packages/f6/45/232a3be71587fc534c009147b36081eb9bebd3bf6e608aec84598325aa41/lxml-4.9.2-cp311-cp311-musllinux_1_1_x86_64.whl", hash = "sha256:df0623dcf9668ad0445e0558a21211d4e9a149ea8f5666917c8eeec515f0a6d1", size = 7772851 },
    { url = "https://files.pythonhosted.org/packages/cc/1f/79e12599f48515178471af9c79444528bd3f70c67c450907c6489590f94f/lxml-4.9.2-cp311-cp311-win32.whl", hash = "sha256:da248f93f0418a9e9d94b0080d7ebc407a9a5e6d0b57bb30db9b5cc28de1ad33", size = 3446172 },
    { url = "https://files.pythonhosted.org/packages/9e/86/e1f135e123344e32dd9bfcbf420dcc2566fa3894fda78b27f981e26c170d/lxml-4.9.2-cp311-cp311-win_amd64.whl", hash = "sha256:3818b8e2c4b5148567e1b09ce739006acfaa44ce3156f8cbbc11062994b8e8dd", size = 3758441 },
]

[[package]]
name = "markupsafe"
version = "2.1.1"
source = { registry = "https://pypi.org/simple" }
sdist = { url = "https://files.pythonhosted.org/packages/1d/97/2288fe498044284f39ab8950703e88abbac2abbdf65524d576157af70556/MarkupSafe-2.1.1.tar.gz", hash = "sha256:7f91197cc9e48f989d12e4e6fbc46495c446636dfc81b9ccf50bb0ec74b91d4b", size = 18668 }
wheels = [
    { url = "https://files.pythonhosted.org/packages/d9/60/94e9de017674f88a514804e2924bdede9a642aba179d2045214719d6ec76/MarkupSafe-2.1.1-cp310-cp310-macosx_10_9_universal2.whl", hash = "sha256:86b1f75c4e7c2ac2ccdaec2b9022845dbb81880ca318bb7a0a01fbf7813e3812", size = 17712 },
    { url = "https://files.pythonhosted.org/packages/8c/96/7e608e1a942232cb8c81ca24093e71e07e2bacbeb2dad62a0f82da28ed54/MarkupSafe-2.1.1-cp310-cp310-macosx_10_9_x86_64.whl", hash = "sha256:f121a1420d4e173a5d96e47e9a0c0dcff965afdf1626d28de1460815f7c4ee7a", size = 13623 },
    { url = "https://files.pythonhosted.org/packages/ff/3a/42262a3aa6415befee33b275b31afbcef4f7f8d2f4380061b226c692ee2a/MarkupSafe-2.1.1-cp310-cp310-manylinux_2_17_aarch64.manylinux2014_aarch64.whl", hash = "sha256:a49907dd8420c5685cfa064a1335b6754b74541bbb3706c259c02ed65b644b3e", size = 26400 },
    { url = "https://files.pythonhosted.org/packages/9e/82/2e089c6f34e77c073aa5a67040d368aac0dfb9b8ccbb46d381452c26fc33/MarkupSafe-2.1.1-cp310-cp310-manylinux_2_17_x86_64.manylinux2014_x86_64.whl", hash = "sha256:10c1bfff05d95783da83491be968e8fe789263689c02724e0c691933c52994f5", size = 25596 },
    { url = "https://files.pythonhosted.org/packages/a3/47/9dcc08eff8ab94f1e50f59f9cd322b710ef5db7e8590fdd8df924406fc9c/MarkupSafe-2.1.1-cp310-cp310-manylinux_2_5_i686.manylinux1_i686.manylinux_2_17_i686.manylinux2014_i686.whl", hash = "sha256:b7bd98b796e2b6553da7225aeb61f447f80a1ca64f41d83612e6139ca5213aa4", size = 25270 },
    { url = "https://files.pythonhosted.org/packages/ad/fa/292a72cddad41e3c06227b446a0af53ff642a40755fc5bd695f439c35ba8/MarkupSafe-2.1.1-cp310-cp310-musllinux_1_1_aarch64.whl", hash = "sha256:b09bf97215625a311f669476f44b8b318b075847b49316d3e28c08e41a7a573f", size = 30413 },
    { url = "https://files.pythonhosted.org/packages/5c/1a/ac3a2b2a4ef1196c15dd8a143fc28eddeb6e6871d6d1de64dc44ef7f59b6/MarkupSafe-2.1.1-cp310-cp310-musllinux_1_1_i686.whl", hash = "sha256:694deca8d702d5db21ec83983ce0bb4b26a578e71fbdbd4fdcd387daa90e4d5e", size = 29518 },
    { url = "https://files.pythonhosted.org/packages/fc/e4/78c7607352dd574d524daad079f855757d406d36b919b1864a5a07978390/MarkupSafe-2.1.1-cp310-cp310-musllinux_1_1_x86_64.whl", hash = "sha256:efc1913fd2ca4f334418481c7e595c00aad186563bbc1ec76067848c7ca0a933", size = 29804 },
    { url = "https://files.pythonhosted.org/packages/5e/3d/0a7df21deca52e20de81f8a895ac29df68944588c0030be9aa1e6c07877c/MarkupSafe-2.1.1-cp310-cp310-win32.whl", hash = "sha256:4a33dea2b688b3190ee12bd7cfa29d39c9ed176bda40bfa11099a3ce5d3a7ac6", size = 16464 },
    { url = "https://files.pythonhosted.org/packages/3d/4b/15e5b9d40c4b58e97ebcb8ed5845a215fa5b7cf49a7f1cc7908f8db9cf46/MarkupSafe-2.1.1-cp310-cp310-win_amd64.whl", hash = "sha256:dda30ba7e87fbbb7eab1ec9f58678558fd9a6b8b853530e176eabd064da81417", size = 17092 },
]

[[package]]
name = "requests"
version = "2.28.1"
source = { registry = "https://pypi.org/simple" }
dependencies = [
    { name = "certifi" },
    { name = "charset-normalizer" },
    { name = "idna" },
    { name = "urllib3" },
]
sdist = { url = "https://files.pythonhosted.org/packages/a5/61/a867851fd5ab77277495a8709ddda0861b28163c4613b011bc00228cc724/requests-2.28.1.tar.gz", hash = "sha256:7c5599b102feddaa661c826c56ab4fee28bfd17f5abca1ebbe3e7f19d7c97983", size = 109805 }
wheels = [
    { url = "https://files.pythonhosted.org/packages/ca/91/6d9b8ccacd0412c08820f72cebaa4f0c0441b5cda699c90f618b6f8a1b42/requests-2.28.1-py3-none-any.whl", hash = "sha256:8fefa2a1a1365bf5520aac41836fbee479da67864514bdb821f31ce07ce65349", size = 62843 },
]

[[package]]
name = "setproctitle"
version = "1.3.2"
source = { registry = "https://pypi.org/simple" }
sdist = { url = "https://files.pythonhosted.org/packages/b5/47/ac709629ddb9779fee29b7d10ae9580f60a4b37e49bce72360ddf9a79cdc/setproctitle-1.3.2.tar.gz", hash = "sha256:b9fb97907c830d260fa0658ed58afd48a86b2b88aac521135c352ff7fd3477fd", size = 27173 }
wheels = [
    { url = "https://files.pythonhosted.org/packages/04/a9/19a77c1ead9b0b3e9e366aafb64d8cdf31ed25e42a781dded07907332300/setproctitle-1.3.2-cp310-cp310-macosx_10_9_universal2.whl", hash = "sha256:288943dec88e178bb2fd868adf491197cc0fc8b6810416b1c6775e686bab87fe", size = 16870 },
    { url = "https://files.pythonhosted.org/packages/20/a3/8d19f528ffbb3496040bc0cbef02a8678a102b9c04effd55ac1fcd7d2c07/setproctitle-1.3.2-cp310-cp310-macosx_10_9_x86_64.whl", hash = "sha256:630f6fe5e24a619ccf970c78e084319ee8be5be253ecc9b5b216b0f474f5ef18", size = 11287 },
    { url = "https://files.pythonhosted.org/packages/43/b1/c951d93fb88f684f65e7160b918fff77c0ac348d240839e8a53b1b05b119/setproctitle-1.3.2-cp310-cp310-manylinux_2_17_aarch64.manylinux2014_aarch64.whl", hash = "sha256:6c877691b90026670e5a70adfbcc735460a9f4c274d35ec5e8a43ce3f8443005", size = 31227 },
    { url = "https://files.pythonhosted.org/packages/49/a3/0c011499a8e0ee3dd38d73b1e32e4ca4f2cb903b6d317f4b96d78787bde8/setproctitle-1.3.2-cp310-cp310-manylinux_2_17_ppc64le.manylinux2014_ppc64le.whl", hash = "sha256:7a55fe05f15c10e8c705038777656fe45e3bd676d49ad9ac8370b75c66dd7cd7", size = 32574 },
    { url = "https://files.pythonhosted.org/packages/89/78/670e28d65a1c70a0e1a06ea7c10ef57235d0e303d3019fedef7ce801e0f8/setproctitle-1.3.2-cp310-cp310-manylinux_2_5_i686.manylinux1_i686.manylinux_2_17_i686.manylinux2014_i686.whl", hash = "sha256:ab45146c71ca6592c9cc8b354a2cc9cc4843c33efcbe1d245d7d37ce9696552d", size = 29690 },
    { url = "https://files.pythonhosted.org/packages/46/b6/d1a2fc143997d89dc2dd9b55646fddb702699624510d619e101c8e149bdf/setproctitle-1.3.2-cp310-cp310-manylinux_2_5_x86_64.manylinux1_x86_64.manylinux_2_17_x86_64.manylinux2014_x86_64.whl", hash = "sha256:e00c9d5c541a2713ba0e657e0303bf96ddddc412ef4761676adc35df35d7c246", size = 30728 },
    { url = "https://files.pythonhosted.org/packages/3a/e6/132696161734102966b1ad558e05b0ff65ed9d192f1e781b0d55cec88d64/setproctitle-1.3.2-cp310-cp310-musllinux_1_1_aarch64.whl", hash = "sha256:265ecbe2c6eafe82e104f994ddd7c811520acdd0647b73f65c24f51374cf9494", size = 38540 },
    { url = "https://files.pythonhosted.org/packages/87/88/106215fddc0fbb64337715406d5f5f97f999a3c7de98a7476d39609332a0/setproctitle-1.3.2-cp310-cp310-musllinux_1_1_i686.whl", hash = "sha256:c2c46200656280a064073447ebd363937562debef329482fd7e570c8d498f806", size = 36970 },
    { url = "https://files.pythonhosted.org/packages/ea/85/a5df3ef79b642a188ace9f73fd9b2527bd2549a155aaa3e7d6a5bafd3061/setproctitle-1.3.2-cp310-cp310-musllinux_1_1_ppc64le.whl", hash = "sha256:fa2f50678f04fda7a75d0fe5dd02bbdd3b13cbe6ed4cf626e4472a7ccf47ae94", size = 39842 },
    { url = "https://files.pythonhosted.org/packages/45/8c/295ff4d931fa9e45510eb29d772aed93c5b1c365f5e54a55129a91c96eba/setproctitle-1.3.2-cp310-cp310-musllinux_1_1_x86_64.whl", hash = "sha256:7f2719a398e1a2c01c2a63bf30377a34d0b6ef61946ab9cf4d550733af8f1ef1", size = 38202 },
    { url = "https://files.pythonhosted.org/packages/55/d4/6cc75bf9aee7f4f1cb557f05d4ced06b33315d39f0c5e3f2a02000c5b86f/setproctitle-1.3.2-cp310-cp310-win32.whl", hash = "sha256:e425be62524dc0c593985da794ee73eb8a17abb10fe692ee43bb39e201d7a099", size = 10989 },
    { url = "https://files.pythonhosted.org/packages/9f/0b/207ccb4f375b9fc51c9d7f4df259055d608fa9df4a7bd9125ba1a296ad78/setproctitle-1.3.2-cp310-cp310-win_amd64.whl", hash = "sha256:e85e50b9c67854f89635a86247412f3ad66b132a4d8534ac017547197c88f27d", size = 11737 },
    { url = "https://files.pythonhosted.org/packages/4a/f9/f4e96c6c95d5e5e958405292ddb9dd932ec083c6f76ba55458b6caa4db02/setproctitle-1.3.2-cp311-cp311-macosx_10_9_universal2.whl", hash = "sha256:2a97d51c17d438cf5be284775a322d57b7ca9505bb7e118c28b1824ecaf8aeaa", size = 16936 },
    { url = "https://files.pythonhosted.org/packages/8c/4c/1b2c04a95da8e6c0951223bfbb0d4b56876ba35567455b88bbc9e48b7052/setproctitle-1.3.2-cp311-cp311-macosx_10_9_x86_64.whl", hash = "sha256:587c7d6780109fbd8a627758063d08ab0421377c0853780e5c356873cdf0f077", size = 11292 },
    { url = "https://files.pythonhosted.org/packages/e1/8d/4ad25c2e80e81f9c698add6c7a96e547c7194412ce85bce6c2c75eb8d2f8/setproctitle-1.3.2-cp311-cp311-manylinux_2_17_aarch64.manylinux2014_aarch64.whl", hash = "sha256:d7d17c8bd073cbf8d141993db45145a70b307385b69171d6b54bcf23e5d644de", size = 31575 },
    { url = "https://files.pythonhosted.org/packages/1c/4c/c1ef1118bcb756fd10bee57a2748240b033168501c77aec80d0eb9874f64/setproctitle-1.3.2-cp311-cp311-manylinux_2_17_ppc64le.manylinux2014_ppc64le.whl", hash = "sha256:e932089c35a396dc31a5a1fc49889dd559548d14cb2237adae260382a090382e", size = 32915 },
    { url = "https://files.pythonhosted.org/packages/d7/76/46e536e87e0e46309f5664ebecebbbc541315d81ad301e93204d0248beed/setproctitle-1.3.2-cp311-cp311-manylinux_2_5_i686.manylinux1_i686.manylinux_2_17_i686.manylinux2014_i686.whl", hash = "sha256:8e4f8f12258a8739c565292a551c3db62cca4ed4f6b6126664e2381acb4931bf", size = 30080 },
    { url = "https://files.pythonhosted.org/packages/18/c7/890da8a5790fa733a9fbf47d92e8226c1ff4bf1853dbdbabbdaa3aa6dffc/setproctitle-1.3.2-cp311-cp311-manylinux_2_5_x86_64.manylinux1_x86_64.manylinux_2_17_x86_64.manylinux2014_x86_64.whl", hash = "sha256:570d255fd99c7f14d8f91363c3ea96bd54f8742275796bca67e1414aeca7d8c3", size = 31071 },
    { url = "https://files.pythonhosted.org/packages/0e/08/a1fa4d4a3077604e71eb6b76795814b44a8a1fec874b06bca853157b2313/setproctitle-1.3.2-cp311-cp311-musllinux_1_1_aarch64.whl", hash = "sha256:a8e0881568c5e6beff91ef73c0ec8ac2a9d3ecc9edd6bd83c31ca34f770910c4", size = 41228 },
    { url = "https://files.pythonhosted.org/packages/4d/7d/9c8371cde990ecce6d263c9b482bae0e75d49505589f1f7ef1ad4f756bbd/setproctitle-1.3.2-cp311-cp311-musllinux_1_1_i686.whl", hash = "sha256:4bba3be4c1fabf170595b71f3af46c6d482fbe7d9e0563999b49999a31876f77", size = 39720 },
    { url = "https://files.pythonhosted.org/packages/26/a8/e406c98df9ff7a7481b8bb9ab4b410405a39751ec8b54ac8108bd0c80b4d/setproctitle-1.3.2-cp311-cp311-musllinux_1_1_ppc64le.whl", hash = "sha256:37ece938110cab2bb3957e3910af8152ca15f2b6efdf4f2612e3f6b7e5459b80", size = 42765 },
    { url = "https://files.pythonhosted.org/packages/96/e7/e409f944c8d22667f725eaba9d6c505ce6c44d91ff5922acc8347447ac66/setproctitle-1.3.2-cp311-cp311-musllinux_1_1_x86_64.whl", hash = "sha256:db684d6bbb735a80bcbc3737856385b55d53f8a44ce9b46e9a5682c5133a9bf7", size = 41084 },
    { url = "https://files.pythonhosted.org/packages/3f/a4/931fb6e85ea5ea7569e563b8a97b43c695f97bb3fa88ee7d70492329679d/setproctitle-1.3.2-cp311-cp311-win32.whl", hash = "sha256:ca58cd260ea02759238d994cfae844fc8b1e206c684beb8f38877dcab8451dfc", size = 11051 },
    { url = "https://files.pythonhosted.org/packages/7b/93/69ee2f7a651ca6a01b05aab3c55b9db3a44ff50125120cfacd46ced239b5/setproctitle-1.3.2-cp311-cp311-win_amd64.whl", hash = "sha256:88486e6cce2a18a033013d17b30a594f1c5cb42520c49c19e6ade40b864bb7ff", size = 11803 },
]

[[package]]
name = "setuptools"
version = "75.6.0"
source = { registry = "https://pypi.org/simple" }
sdist = { url = "https://files.pythonhosted.org/packages/43/54/292f26c208734e9a7f067aea4a7e282c080750c4546559b58e2e45413ca0/setuptools-75.6.0.tar.gz", hash = "sha256:8199222558df7c86216af4f84c30e9b34a61d8ba19366cc914424cdbd28252f6", size = 1337429 }
wheels = [
    { url = "https://files.pythonhosted.org/packages/55/21/47d163f615df1d30c094f6c8bbb353619274edccf0327b185cc2493c2c33/setuptools-75.6.0-py3-none-any.whl", hash = "sha256:ce74b49e8f7110f9bf04883b730f4765b774ef3ef28f722cce7c273d253aaf7d", size = 1224032 },
]

[[package]]
name = "soupsieve"
version = "2.3.2.post1"
source = { registry = "https://pypi.org/simple" }
sdist = { url = "https://files.pythonhosted.org/packages/f3/03/bac179d539362319b4779a00764e95f7542f4920084163db6b0fd4742d38/soupsieve-2.3.2.post1.tar.gz", hash = "sha256:fc53893b3da2c33de295667a0e19f078c14bf86544af307354de5fcf12a3f30d", size = 102814 }
wheels = [
    { url = "https://files.pythonhosted.org/packages/16/e3/4ad79882b92617e3a4a0df1960d6bce08edfb637737ac5c3f3ba29022e25/soupsieve-2.3.2.post1-py3-none-any.whl", hash = "sha256:3b2503d3c7084a42b1ebd08116e5f81aadfaea95863628c80a3b774a11b7c759", size = 37377 },
]

[[package]]
name = "urllib3"
version = "1.26.13"
source = { registry = "https://pypi.org/simple" }
sdist = { url = "https://files.pythonhosted.org/packages/c2/51/32da03cf19d17d46cce5c731967bf58de9bd71db3a379932f53b094deda4/urllib3-1.26.13.tar.gz", hash = "sha256:c083dd0dce68dbfbe1129d5271cb90f9447dea7d52097c6e0126120c521ddea8", size = 300476 }
wheels = [
    { url = "https://files.pythonhosted.org/packages/65/0c/cc6644eaa594585e5875f46f3c83ee8762b647b51fc5b0fb253a242df2dc/urllib3-1.26.13-py2.py3-none-any.whl", hash = "sha256:47cc05d99aaa09c9e72ed5809b60e7ba354e64b59c9c173ac3018642d8bb41fc", size = 140572 },
]

[[package]]
name = "votr"
version = "0.0.0"
source = { editable = "." }
dependencies = [
    { name = "beautifulsoup4" },
    { name = "lxml" },
    { name = "requests" },
]

[package.dev-dependencies]
prod = [
    { name = "gunicorn", extra = ["setproctitle"] },
]
votrfront = [
    { name = "markupsafe" },
    { name = "werkzeug" },
]

[package.metadata]
requires-dist = [
    { name = "beautifulsoup4", specifier = ">=0" },
    { name = "lxml", specifier = ">=0" },
    { name = "requests", specifier = ">=0" },
]

[package.metadata.requires-dev]
prod = [{ name = "gunicorn", extras = ["setproctitle"], git = "https://github.com/TomiBelan/gunicorn" }]
votrfront = [
    { name = "markupsafe", specifier = ">=0" },
    { name = "werkzeug", specifier = ">=0" },
]

[[package]]
name = "werkzeug"
version = "2.2.2"
source = { registry = "https://pypi.org/simple" }
dependencies = [
    { name = "markupsafe" },
]
sdist = { url = "https://files.pythonhosted.org/packages/f8/c1/1c8e539f040acd80f844c69a5ef8e2fccdf8b442dabb969e497b55d544e1/Werkzeug-2.2.2.tar.gz", hash = "sha256:7ea2d48322cc7c0f8b3a215ed73eabd7b5d75d0b50e31ab006286ccff9e00b8f", size = 844378 }
wheels = [
    { url = "https://files.pythonhosted.org/packages/c8/27/be6ddbcf60115305205de79c29004a0c6bc53cec814f733467b1bb89386d/Werkzeug-2.2.2-py3-none-any.whl", hash = "sha256:f979ab81f58d7318e064e99c4506445d60135ac5cd2e177a2de0089bfd4c9bd5", size = 232700 },
]
